
Microsoft Visual Studio Solution File, Format Version 12.00
# Visual Studio 15
VisualStudioVersion = 15.0.26228.4
MinimumVisualStudioVersion = 10.0.40219.1
Project("{9A19103F-16F7-4668-BE54-9A1E7A4F7556}") = "NLog.Targets.PubSubTarget", "NLog.Targets.PubSubTarget\NLog.Targets.PubSubTarget.csproj", "{B0B84774-1B40-4735-A5CE-B08C4FB3BA3B}"
EndProject
Global
	GlobalSection(SolutionConfigurationPlatforms) = preSolution
		Debug|Any CPU = Debug|Any CPU
		Release|Any CPU = Release|Any CPU
	EndGlobalSection
	GlobalSection(ProjectConfigurationPlatforms) = postSolution
		{B0B84774-1B40-4735-A5CE-B08C4FB3BA3B}.Debug|Any CPU.ActiveCfg = Debug|Any CPU
		{B0B84774-1B40-4735-A5CE-B08C4FB3BA3B}.Debug|Any CPU.Build.0 = Debug|Any CPU
		{B0B84774-1B40-4735-A5CE-B08C4FB3BA3B}.Release|Any CPU.ActiveCfg = Release|Any CPU
		{B0B84774-1B40-4735-A5CE-B08C4FB3BA3B}.Release|Any CPU.Build.0 = Release|Any CPU
	EndGlobalSection
	GlobalSection(SolutionProperties) = preSolution
		HideSolutionNode = FALSE
	EndGlobalSection
	GlobalSection(ExtensibilityGlobals) = postSolution
		SolutionGuid = {E0FE2A4E-538C-4850-B762-BC64C08585E5}
	EndGlobalSection
EndGlobal
